// !$*UTF8*$!
{
	archiveVersion = 1;
	classes = {
	};
	objectVersion = 46;
	objects = {

/* Begin PBXBuildFile section */
		E838BCA81674DD620056E170 /* UIKit.framework in Frameworks */ = {isa = PBXBuildFile; fileRef = E838BCA71674DD620056E170 /* UIKit.framework */; };
		E838BCAA1674DD620056E170 /* Foundation.framework in Frameworks */ = {isa = PBXBuildFile; fileRef = E838BCA91674DD620056E170 /* Foundation.framework */; };
		E838BCAC1674DD620056E170 /* CoreGraphics.framework in Frameworks */ = {isa = PBXBuildFile; fileRef = E838BCAB1674DD620056E170 /* CoreGraphics.framework */; };
		E838BCAE1674DD620056E170 /* CoreData.framework in Frameworks */ = {isa = PBXBuildFile; fileRef = E838BCAD1674DD620056E170 /* CoreData.framework */; };
		E838BCB41674DD620056E170 /* InfoPlist.strings in Resources */ = {isa = PBXBuildFile; fileRef = E838BCB21674DD620056E170 /* InfoPlist.strings */; };
		E838BCB61674DD620056E170 /* main.m in Sources */ = {isa = PBXBuildFile; fileRef = E838BCB51674DD620056E170 /* main.m */; };
		E838BCBA1674DD620056E170 /* AppDelegate.m in Sources */ = {isa = PBXBuildFile; fileRef = E838BCB91674DD620056E170 /* AppDelegate.m */; };
		E838BCBC1674DD620056E170 /* Default.png in Resources */ = {isa = PBXBuildFile; fileRef = E838BCBB1674DD620056E170 /* Default.png */; };
		E838BCBE1674DD620056E170 /* Default@2x.png in Resources */ = {isa = PBXBuildFile; fileRef = E838BCBD1674DD620056E170 /* Default@2x.png */; };
		E838BCC01674DD620056E170 /* Default-568h@2x.png in Resources */ = {isa = PBXBuildFile; fileRef = E838BCBF1674DD620056E170 /* Default-568h@2x.png */; };
		E838BCC31674DD620056E170 /* LogBook.xcdatamodeld in Sources */ = {isa = PBXBuildFile; fileRef = E838BCC11674DD620056E170 /* LogBook.xcdatamodeld */; };
		E838BCC61674DD620056E170 /* MenuViewController.m in Sources */ = {isa = PBXBuildFile; fileRef = E838BCC51674DD620056E170 /* MenuViewController.m */; };
		E838BCC91674DD620056E170 /* DisplayViewController.m in Sources */ = {isa = PBXBuildFile; fileRef = E838BCC81674DD620056E170 /* DisplayViewController.m */; };
		E838BCCC1674DD620056E170 /* MenuViewController.xib in Resources */ = {isa = PBXBuildFile; fileRef = E838BCCA1674DD620056E170 /* MenuViewController.xib */; };
		E838BCCF1674DD620056E170 /* DisplayViewController.xib in Resources */ = {isa = PBXBuildFile; fileRef = E838BCCD1674DD620056E170 /* DisplayViewController.xib */; };
		E838BD051674ED560056E170 /* FolderViewController.m in Sources */ = {isa = PBXBuildFile; fileRef = E838BD041674ED560056E170 /* FolderViewController.m */; };
		E838BD0D167579F80056E170 /* FolderManageController.m in Sources */ = {isa = PBXBuildFile; fileRef = E838BD0C167579F80056E170 /* FolderManageController.m */; };
		E838BD351675E1130056E170 /* FolderManageController.xib in Resources */ = {isa = PBXBuildFile; fileRef = E838BD341675E1120056E170 /* FolderManageController.xib */; };
		E838BD371675E1650056E170 /* FolderViewController.xib in Resources */ = {isa = PBXBuildFile; fileRef = E838BD361675E1640056E170 /* FolderViewController.xib */; };
		E83A8E55167860D200C9F9DB /* CollectionViewController.m in Sources */ = {isa = PBXBuildFile; fileRef = E83A8E53167860D200C9F9DB /* CollectionViewController.m */; };
		E83A8E56167860D200C9F9DB /* CollectionViewController.xib in Resources */ = {isa = PBXBuildFile; fileRef = E83A8E54167860D200C9F9DB /* CollectionViewController.xib */; };
		E853C3031682CCB800BDC3F3 /* File.m in Sources */ = {isa = PBXBuildFile; fileRef = E853C3021682CCB700BDC3F3 /* File.m */; };
		E853C3061682CCB800BDC3F3 /* Folder.m in Sources */ = {isa = PBXBuildFile; fileRef = E853C3051682CCB800BDC3F3 /* Folder.m */; };
		E853C3091682CCB800BDC3F3 /* Collection.m in Sources */ = {isa = PBXBuildFile; fileRef = E853C3081682CCB800BDC3F3 /* Collection.m */; };
		E853C3981683FCBC00BDC3F3 /* collection@2x.png in Resources */ = {isa = PBXBuildFile; fileRef = E853C3951683FCBC00BDC3F3 /* collection@2x.png */; };
		E853C3991683FCBC00BDC3F3 /* file@2x.png in Resources */ = {isa = PBXBuildFile; fileRef = E853C3961683FCBC00BDC3F3 /* file@2x.png */; };
		E853C39A1683FCBC00BDC3F3 /* folder@2x.png in Resources */ = {isa = PBXBuildFile; fileRef = E853C3971683FCBC00BDC3F3 /* folder@2x.png */; };
		E853C39F1683FCCE00BDC3F3 /* collection.png in Resources */ = {isa = PBXBuildFile; fileRef = E853C39C1683FCCE00BDC3F3 /* collection.png */; };
		E853C3A01683FCCE00BDC3F3 /* file.png in Resources */ = {isa = PBXBuildFile; fileRef = E853C39D1683FCCE00BDC3F3 /* file.png */; };
		E853C3A11683FCCE00BDC3F3 /* folder.png in Resources */ = {isa = PBXBuildFile; fileRef = E853C39E1683FCCE00BDC3F3 /* folder.png */; };
		E8AAB216167D9115008C2D18 /* PageViewController.m in Sources */ = {isa = PBXBuildFile; fileRef = E8AAB214167D9115008C2D18 /* PageViewController.m */; };
		E8AAB217167D9115008C2D18 /* PageViewController.xib in Resources */ = {isa = PBXBuildFile; fileRef = E8AAB215167D9115008C2D18 /* PageViewController.xib */; };
		E8AAB21B167D912B008C2D18 /* ContentViewController.m in Sources */ = {isa = PBXBuildFile; fileRef = E8AAB219167D912B008C2D18 /* ContentViewController.m */; };
		E8AAB21C167D912B008C2D18 /* ContentViewController.xib in Resources */ = {isa = PBXBuildFile; fileRef = E8AAB21A167D912B008C2D18 /* ContentViewController.xib */; };
		E8AAB222167EACE8008C2D18 /* MessageUI.framework in Frameworks */ = {isa = PBXBuildFile; fileRef = E8AAB221167EACE8008C2D18 /* MessageUI.framework */; };
		E8D81C97167ECE6E00C53E4F /* UIColor+ExtraColors.m in Sources */ = {isa = PBXBuildFile; fileRef = E8D81C96167ECE6E00C53E4F /* UIColor+ExtraColors.m */; };
/* End PBXBuildFile section */

/* Begin PBXFileReference section */
		E838BCA31674DD620056E170 /* LogBook.app */ = {isa = PBXFileReference; explicitFileType = wrapper.application; includeInIndex = 0; path = LogBook.app; sourceTree = BUILT_PRODUCTS_DIR; };
		E838BCA71674DD620056E170 /* UIKit.framework */ = {isa = PBXFileReference; lastKnownFileType = wrapper.framework; name = UIKit.framework; path = System/Library/Frameworks/UIKit.framework; sourceTree = SDKROOT; };
		E838BCA91674DD620056E170 /* Foundation.framework */ = {isa = PBXFileReference; lastKnownFileType = wrapper.framework; name = Foundation.framework; path = System/Library/Frameworks/Foundation.framework; sourceTree = SDKROOT; };
		E838BCAB1674DD620056E170 /* CoreGraphics.framework */ = {isa = PBXFileReference; lastKnownFileType = wrapper.framework; name = CoreGraphics.framework; path = System/Library/Frameworks/CoreGraphics.framework; sourceTree = SDKROOT; };
		E838BCAD1674DD620056E170 /* CoreData.framework */ = {isa = PBXFileReference; lastKnownFileType = wrapper.framework; name = CoreData.framework; path = System/Library/Frameworks/CoreData.framework; sourceTree = SDKROOT; };
		E838BCB11674DD620056E170 /* LogBook-Info.plist */ = {isa = PBXFileReference; lastKnownFileType = text.plist.xml; path = "LogBook-Info.plist"; sourceTree = "<group>"; };
		E838BCB31674DD620056E170 /* en */ = {isa = PBXFileReference; lastKnownFileType = text.plist.strings; name = en; path = en.lproj/InfoPlist.strings; sourceTree = "<group>"; };
		E838BCB51674DD620056E170 /* main.m */ = {isa = PBXFileReference; lastKnownFileType = sourcecode.c.objc; path = main.m; sourceTree = "<group>"; };
		E838BCB71674DD620056E170 /* LogBook-Prefix.pch */ = {isa = PBXFileReference; lastKnownFileType = sourcecode.c.h; path = "LogBook-Prefix.pch"; sourceTree = "<group>"; };
		E838BCB81674DD620056E170 /* AppDelegate.h */ = {isa = PBXFileReference; lastKnownFileType = sourcecode.c.h; path = AppDelegate.h; sourceTree = "<group>"; };
		E838BCB91674DD620056E170 /* AppDelegate.m */ = {isa = PBXFileReference; lastKnownFileType = sourcecode.c.objc; path = AppDelegate.m; sourceTree = "<group>"; };
		E838BCBB1674DD620056E170 /* Default.png */ = {isa = PBXFileReference; lastKnownFileType = image.png; path = Default.png; sourceTree = "<group>"; };
		E838BCBD1674DD620056E170 /* Default@2x.png */ = {isa = PBXFileReference; lastKnownFileType = image.png; path = "Default@2x.png"; sourceTree = "<group>"; };
		E838BCBF1674DD620056E170 /* Default-568h@2x.png */ = {isa = PBXFileReference; lastKnownFileType = image.png; path = "Default-568h@2x.png"; sourceTree = "<group>"; };
		E838BCC21674DD620056E170 /* LogBook.xcdatamodel */ = {isa = PBXFileReference; lastKnownFileType = wrapper.xcdatamodel; path = LogBook.xcdatamodel; sourceTree = "<group>"; };
		E838BCC41674DD620056E170 /* MenuViewController.h */ = {isa = PBXFileReference; lastKnownFileType = sourcecode.c.h; path = MenuViewController.h; sourceTree = "<group>"; };
		E838BCC51674DD620056E170 /* MenuViewController.m */ = {isa = PBXFileReference; lastKnownFileType = sourcecode.c.objc; path = MenuViewController.m; sourceTree = "<group>"; };
		E838BCC71674DD620056E170 /* DisplayViewController.h */ = {isa = PBXFileReference; lastKnownFileType = sourcecode.c.h; path = DisplayViewController.h; sourceTree = "<group>"; };
		E838BCC81674DD620056E170 /* DisplayViewController.m */ = {isa = PBXFileReference; lastKnownFileType = sourcecode.c.objc; path = DisplayViewController.m; sourceTree = "<group>"; };
		E838BCCB1674DD620056E170 /* en */ = {isa = PBXFileReference; lastKnownFileType = file.xib; name = en; path = en.lproj/MenuViewController.xib; sourceTree = "<group>"; };
		E838BCCE1674DD620056E170 /* en */ = {isa = PBXFileReference; lastKnownFileType = file.xib; name = en; path = en.lproj/DisplayViewController.xib; sourceTree = "<group>"; };
		E838BD031674ED560056E170 /* FolderViewController.h */ = {isa = PBXFileReference; fileEncoding = 4; lastKnownFileType = sourcecode.c.h; path = FolderViewController.h; sourceTree = "<group>"; };
		E838BD041674ED560056E170 /* FolderViewController.m */ = {isa = PBXFileReference; fileEncoding = 4; lastKnownFileType = sourcecode.c.objc; path = FolderViewController.m; sourceTree = "<group>"; };
		E838BD0B167579F70056E170 /* FolderManageController.h */ = {isa = PBXFileReference; fileEncoding = 4; lastKnownFileType = sourcecode.c.h; path = FolderManageController.h; sourceTree = "<group>"; };
		E838BD0C167579F80056E170 /* FolderManageController.m */ = {isa = PBXFileReference; fileEncoding = 4; lastKnownFileType = sourcecode.c.objc; path = FolderManageController.m; sourceTree = "<group>"; };
		E838BD341675E1120056E170 /* FolderManageController.xib */ = {isa = PBXFileReference; fileEncoding = 4; lastKnownFileType = file.xib; path = FolderManageController.xib; sourceTree = "<group>"; };
		E838BD361675E1640056E170 /* FolderViewController.xib */ = {isa = PBXFileReference; fileEncoding = 4; lastKnownFileType = file.xib; path = FolderViewController.xib; sourceTree = "<group>"; };
		E83A8E52167860D200C9F9DB /* CollectionViewController.h */ = {isa = PBXFileReference; fileEncoding = 4; lastKnownFileType = sourcecode.c.h; path = CollectionViewController.h; sourceTree = "<group>"; };
		E83A8E53167860D200C9F9DB /* CollectionViewController.m */ = {isa = PBXFileReference; fileEncoding = 4; lastKnownFileType = sourcecode.c.objc; path = CollectionViewController.m; sourceTree = "<group>"; };
		E83A8E54167860D200C9F9DB /* CollectionViewController.xib */ = {isa = PBXFileReference; fileEncoding = 4; lastKnownFileType = file.xib; path = CollectionViewController.xib; sourceTree = "<group>"; };
		E853C3011682CCB700BDC3F3 /* File.h */ = {isa = PBXFileReference; fileEncoding = 4; lastKnownFileType = sourcecode.c.h; path = File.h; sourceTree = "<group>"; };
		E853C3021682CCB700BDC3F3 /* File.m */ = {isa = PBXFileReference; fileEncoding = 4; lastKnownFileType = sourcecode.c.objc; path = File.m; sourceTree = "<group>"; };
		E853C3041682CCB800BDC3F3 /* Folder.h */ = {isa = PBXFileReference; fileEncoding = 4; lastKnownFileType = sourcecode.c.h; path = Folder.h; sourceTree = "<group>"; };
		E853C3051682CCB800BDC3F3 /* Folder.m */ = {isa = PBXFileReference; fileEncoding = 4; lastKnownFileType = sourcecode.c.objc; path = Folder.m; sourceTree = "<group>"; };
		E853C3071682CCB800BDC3F3 /* Collection.h */ = {isa = PBXFileReference; fileEncoding = 4; lastKnownFileType = sourcecode.c.h; path = Collection.h; sourceTree = "<group>"; };
		E853C3081682CCB800BDC3F3 /* Collection.m */ = {isa = PBXFileReference; fileEncoding = 4; lastKnownFileType = sourcecode.c.objc; path = Collection.m; sourceTree = "<group>"; };
		E853C3951683FCBC00BDC3F3 /* collection@2x.png */ = {isa = PBXFileReference; lastKnownFileType = image.png; path = "collection@2x.png"; sourceTree = "<group>"; };
		E853C3961683FCBC00BDC3F3 /* file@2x.png */ = {isa = PBXFileReference; lastKnownFileType = image.png; path = "file@2x.png"; sourceTree = "<group>"; };
		E853C3971683FCBC00BDC3F3 /* folder@2x.png */ = {isa = PBXFileReference; lastKnownFileType = image.png; path = "folder@2x.png"; sourceTree = "<group>"; };
		E853C39C1683FCCE00BDC3F3 /* collection.png */ = {isa = PBXFileReference; lastKnownFileType = image.png; path = collection.png; sourceTree = "<group>"; };
		E853C39D1683FCCE00BDC3F3 /* file.png */ = {isa = PBXFileReference; lastKnownFileType = image.png; path = file.png; sourceTree = "<group>"; };
		E853C39E1683FCCE00BDC3F3 /* folder.png */ = {isa = PBXFileReference; lastKnownFileType = image.png; path = folder.png; sourceTree = "<group>"; };
		E8AAB213167D9114008C2D18 /* PageViewController.h */ = {isa = PBXFileReference; fileEncoding = 4; lastKnownFileType = sourcecode.c.h; path = PageViewController.h; sourceTree = "<group>"; };
		E8AAB214167D9115008C2D18 /* PageViewController.m */ = {isa = PBXFileReference; fileEncoding = 4; lastKnownFileType = sourcecode.c.objc; path = PageViewController.m; sourceTree = "<group>"; };
		E8AAB215167D9115008C2D18 /* PageViewController.xib */ = {isa = PBXFileReference; fileEncoding = 4; lastKnownFileType = file.xib; path = PageViewController.xib; sourceTree = "<group>"; };
		E8AAB218167D912B008C2D18 /* ContentViewController.h */ = {isa = PBXFileReference; fileEncoding = 4; lastKnownFileType = sourcecode.c.h; path = ContentViewController.h; sourceTree = "<group>"; };
		E8AAB219167D912B008C2D18 /* ContentViewController.m */ = {isa = PBXFileReference; fileEncoding = 4; lastKnownFileType = sourcecode.c.objc; path = ContentViewController.m; sourceTree = "<group>"; };
		E8AAB21A167D912B008C2D18 /* ContentViewController.xib */ = {isa = PBXFileReference; fileEncoding = 4; lastKnownFileType = file.xib; path = ContentViewController.xib; sourceTree = "<group>"; };
		E8AAB221167EACE8008C2D18 /* MessageUI.framework */ = {isa = PBXFileReference; lastKnownFileType = wrapper.framework; name = MessageUI.framework; path = System/Library/Frameworks/MessageUI.framework; sourceTree = SDKROOT; };
		E8D81C95167ECE6E00C53E4F /* UIColor+ExtraColors.h */ = {isa = PBXFileReference; fileEncoding = 4; lastKnownFileType = sourcecode.c.h; path = "UIColor+ExtraColors.h"; sourceTree = "<group>"; };
		E8D81C96167ECE6E00C53E4F /* UIColor+ExtraColors.m */ = {isa = PBXFileReference; fileEncoding = 4; lastKnownFileType = sourcecode.c.objc; path = "UIColor+ExtraColors.m"; sourceTree = "<group>"; };
/* End PBXFileReference section */

/* Begin PBXFrameworksBuildPhase section */
		E838BCA01674DD620056E170 /* Frameworks */ = {
			isa = PBXFrameworksBuildPhase;
			buildActionMask = 2147483647;
			files = (
				E8AAB222167EACE8008C2D18 /* MessageUI.framework in Frameworks */,
				E838BCA81674DD620056E170 /* UIKit.framework in Frameworks */,
				E838BCAA1674DD620056E170 /* Foundation.framework in Frameworks */,
				E838BCAC1674DD620056E170 /* CoreGraphics.framework in Frameworks */,
				E838BCAE1674DD620056E170 /* CoreData.framework in Frameworks */,
			);
			runOnlyForDeploymentPostprocessing = 0;
		};
/* End PBXFrameworksBuildPhase section */

/* Begin PBXGroup section */
		E838BC981674DD620056E170 = {
			isa = PBXGroup;
			children = (
				E8D81C95167ECE6E00C53E4F /* UIColor+ExtraColors.h */,
				E8D81C96167ECE6E00C53E4F /* UIColor+ExtraColors.m */,
				E838BCAF1674DD620056E170 /* LogBook */,
				E838BCA61674DD620056E170 /* Frameworks */,
				E838BCA41674DD620056E170 /* Products */,
			);
			sourceTree = "<group>";
		};
		E838BCA41674DD620056E170 /* Products */ = {
			isa = PBXGroup;
			children = (
				E838BCA31674DD620056E170 /* LogBook.app */,
			);
			name = Products;
			sourceTree = "<group>";
		};
		E838BCA61674DD620056E170 /* Frameworks */ = {
			isa = PBXGroup;
			children = (
				E8AAB221167EACE8008C2D18 /* MessageUI.framework */,
				E838BCA71674DD620056E170 /* UIKit.framework */,
				E838BCA91674DD620056E170 /* Foundation.framework */,
				E838BCAB1674DD620056E170 /* CoreGraphics.framework */,
				E838BCAD1674DD620056E170 /* CoreData.framework */,
			);
			name = Frameworks;
			sourceTree = "<group>";
		};
		E838BCAF1674DD620056E170 /* LogBook */ = {
			isa = PBXGroup;
			children = (
				E838BCB81674DD620056E170 /* AppDelegate.h */,
				E838BCB91674DD620056E170 /* AppDelegate.m */,
				E845046E1679DB8400C6B223 /* Menu */,
				E83A8E171678198700C9F9DB /* Folder Manager */,
				E83A8E181678199700C9F9DB /* Form  */,
				E838BD061674EDA70056E170 /* Data Model */,
				E838BCB01674DD620056E170 /* Supporting Files */,
			);
			path = LogBook;
			sourceTree = "<group>";
		};
		E838BCB01674DD620056E170 /* Supporting Files */ = {
			isa = PBXGroup;
			children = (
				E838BCB11674DD620056E170 /* LogBook-Info.plist */,
				E838BCB21674DD620056E170 /* InfoPlist.strings */,
				E838BCB51674DD620056E170 /* main.m */,
				E838BCB71674DD620056E170 /* LogBook-Prefix.pch */,
				E853C39C1683FCCE00BDC3F3 /* collection.png */,
				E853C3951683FCBC00BDC3F3 /* collection@2x.png */,
				E853C39D1683FCCE00BDC3F3 /* file.png */,
				E853C3961683FCBC00BDC3F3 /* file@2x.png */,
				E853C39E1683FCCE00BDC3F3 /* folder.png */,
				E853C3971683FCBC00BDC3F3 /* folder@2x.png */,
				E838BCBB1674DD620056E170 /* Default.png */,
				E838BCBD1674DD620056E170 /* Default@2x.png */,
				E838BCBF1674DD620056E170 /* Default-568h@2x.png */,
			);
			name = "Supporting Files";
			sourceTree = "<group>";
		};
		E838BD061674EDA70056E170 /* Data Model */ = {
			isa = PBXGroup;
			children = (
				E838BCC11674DD620056E170 /* LogBook.xcdatamodeld */,
				E853C3071682CCB800BDC3F3 /* Collection.h */,
				E853C3081682CCB800BDC3F3 /* Collection.m */,
				E853C3041682CCB800BDC3F3 /* Folder.h */,
				E853C3051682CCB800BDC3F3 /* Folder.m */,
				E853C3011682CCB700BDC3F3 /* File.h */,
				E853C3021682CCB700BDC3F3 /* File.m */,
			);
			name = "Data Model";
			sourceTree = "<group>";
		};
		E83A8E171678198700C9F9DB /* Folder Manager */ = {
			isa = PBXGroup;
			children = (
				E838BD0B167579F70056E170 /* FolderManageController.h */,
				E838BD0C167579F80056E170 /* FolderManageController.m */,
				E838BD031674ED560056E170 /* FolderViewController.h */,
				E838BD041674ED560056E170 /* FolderViewController.m */,
				E838BD341675E1120056E170 /* FolderManageController.xib */,
				E838BD361675E1640056E170 /* FolderViewController.xib */,
			);
			name = "Folder Manager";
			sourceTree = "<group>";
		};
		E83A8E181678199700C9F9DB /* Form  */ = {
			isa = PBXGroup;
			children = (
				E838BCC71674DD620056E170 /* DisplayViewController.h */,
				E838BCC81674DD620056E170 /* DisplayViewController.m */,
				E83A8E52167860D200C9F9DB /* CollectionViewController.h */,
				E83A8E53167860D200C9F9DB /* CollectionViewController.m */,
				E8AAB218167D912B008C2D18 /* ContentViewController.h */,
				E8AAB219167D912B008C2D18 /* ContentViewController.m */,
				E8AAB213167D9114008C2D18 /* PageViewController.h */,
				E8AAB214167D9115008C2D18 /* PageViewController.m */,
				E838BCCD1674DD620056E170 /* DisplayViewController.xib */,
				E83A8E54167860D200C9F9DB /* CollectionViewController.xib */,
				E8AAB215167D9115008C2D18 /* PageViewController.xib */,
				E8AAB21A167D912B008C2D18 /* ContentViewController.xib */,
			);
			name = "Form ";
			sourceTree = "<group>";
		};
		E845046E1679DB8400C6B223 /* Menu */ = {
			isa = PBXGroup;
			children = (
				E838BCC41674DD620056E170 /* MenuViewController.h */,
				E838BCC51674DD620056E170 /* MenuViewController.m */,
				E838BCCA1674DD620056E170 /* MenuViewController.xib */,
			);
			name = Menu;
			sourceTree = "<group>";
		};
/* End PBXGroup section */

/* Begin PBXNativeTarget section */
		E838BCA21674DD620056E170 /* LogBook */ = {
			isa = PBXNativeTarget;
			buildConfigurationList = E838BCD21674DD620056E170 /* Build configuration list for PBXNativeTarget "LogBook" */;
			buildPhases = (
				E838BC9F1674DD620056E170 /* Sources */,
				E838BCA01674DD620056E170 /* Frameworks */,
				E838BCA11674DD620056E170 /* Resources */,
			);
			buildRules = (
			);
			dependencies = (
			);
			name = LogBook;
			productName = LogBook;
			productReference = E838BCA31674DD620056E170 /* LogBook.app */;
			productType = "com.apple.product-type.application";
		};
/* End PBXNativeTarget section */

/* Begin PBXProject section */
		E838BC9A1674DD620056E170 /* Project object */ = {
			isa = PBXProject;
			attributes = {
				LastUpgradeCheck = 0450;
				ORGANIZATIONNAME = "Wu Wenzhi";
			};
			buildConfigurationList = E838BC9D1674DD620056E170 /* Build configuration list for PBXProject "LogBook" */;
			compatibilityVersion = "Xcode 3.2";
			developmentRegion = English;
			hasScannedForEncodings = 0;
			knownRegions = (
				en,
			);
			mainGroup = E838BC981674DD620056E170;
			productRefGroup = E838BCA41674DD620056E170 /* Products */;
			projectDirPath = "";
			projectRoot = "";
			targets = (
				E838BCA21674DD620056E170 /* LogBook */,
			);
		};
/* End PBXProject section */

/* Begin PBXResourcesBuildPhase section */
		E838BCA11674DD620056E170 /* Resources */ = {
			isa = PBXResourcesBuildPhase;
			buildActionMask = 2147483647;
			files = (
				E838BCB41674DD620056E170 /* InfoPlist.strings in Resources */,
				E838BCBC1674DD620056E170 /* Default.png in Resources */,
				E838BCBE1674DD620056E170 /* Default@2x.png in Resources */,
				E838BCC01674DD620056E170 /* Default-568h@2x.png in Resources */,
				E838BCCC1674DD620056E170 /* MenuViewController.xib in Resources */,
				E838BCCF1674DD620056E170 /* DisplayViewController.xib in Resources */,
				E838BD351675E1130056E170 /* FolderManageController.xib in Resources */,
				E838BD371675E1650056E170 /* FolderViewController.xib in Resources */,
				E83A8E56167860D200C9F9DB /* CollectionViewController.xib in Resources */,
				E8AAB217167D9115008C2D18 /* PageViewController.xib in Resources */,
				E8AAB21C167D912B008C2D18 /* ContentViewController.xib in Resources */,
				E853C3981683FCBC00BDC3F3 /* collection@2x.png in Resources */,
				E853C3991683FCBC00BDC3F3 /* file@2x.png in Resources */,
				E853C39A1683FCBC00BDC3F3 /* folder@2x.png in Resources */,
				E853C39F1683FCCE00BDC3F3 /* collection.png in Resources */,
				E853C3A01683FCCE00BDC3F3 /* file.png in Resources */,
				E853C3A11683FCCE00BDC3F3 /* folder.png in Resources */,
			);
			runOnlyForDeploymentPostprocessing = 0;
		};
/* End PBXResourcesBuildPhase section */

/* Begin PBXSourcesBuildPhase section */
		E838BC9F1674DD620056E170 /* Sources */ = {
			isa = PBXSourcesBuildPhase;
			buildActionMask = 2147483647;
			files = (
				E838BCB61674DD620056E170 /* main.m in Sources */,
				E838BCBA1674DD620056E170 /* AppDelegate.m in Sources */,
				E838BCC31674DD620056E170 /* LogBook.xcdatamodeld in Sources */,
				E838BCC61674DD620056E170 /* MenuViewController.m in Sources */,
				E838BCC91674DD620056E170 /* DisplayViewController.m in Sources */,
				E838BD051674ED560056E170 /* FolderViewController.m in Sources */,
				E838BD0D167579F80056E170 /* FolderManageController.m in Sources */,
				E83A8E55167860D200C9F9DB /* CollectionViewController.m in Sources */,
				E8AAB216167D9115008C2D18 /* PageViewController.m in Sources */,
				E8AAB21B167D912B008C2D18 /* ContentViewController.m in Sources */,
				E8D81C97167ECE6E00C53E4F /* UIColor+ExtraColors.m in Sources */,
				E853C3031682CCB800BDC3F3 /* File.m in Sources */,
				E853C3061682CCB800BDC3F3 /* Folder.m in Sources */,
				E853C3091682CCB800BDC3F3 /* Collection.m in Sources */,
			);
			runOnlyForDeploymentPostprocessing = 0;
		};
/* End PBXSourcesBuildPhase section */

/* Begin PBXVariantGroup section */
		E838BCB21674DD620056E170 /* InfoPlist.strings */ = {
			isa = PBXVariantGroup;
			children = (
				E838BCB31674DD620056E170 /* en */,
			);
			name = InfoPlist.strings;
			sourceTree = "<group>";
		};
		E838BCCA1674DD620056E170 /* MenuViewController.xib */ = {
			isa = PBXVariantGroup;
			children = (
				E838BCCB1674DD620056E170 /* en */,
			);
			name = MenuViewController.xib;
			sourceTree = "<group>";
		};
		E838BCCD1674DD620056E170 /* DisplayViewController.xib */ = {
			isa = PBXVariantGroup;
			children = (
				E838BCCE1674DD620056E170 /* en */,
			);
			name = DisplayViewController.xib;
			sourceTree = "<group>";
		};
/* End PBXVariantGroup section */

/* Begin XCBuildConfiguration section */
		E838BCD01674DD620056E170 /* Debug */ = {
			isa = XCBuildConfiguration;
			buildSettings = {
				ALWAYS_SEARCH_USER_PATHS = NO;
				CLANG_CXX_LANGUAGE_STANDARD = "gnu++0x";
				CLANG_CXX_LIBRARY = "libc++";
				CLANG_ENABLE_OBJC_ARC = YES;
				CLANG_WARN_EMPTY_BODY = YES;
				CLANG_WARN__DUPLICATE_METHOD_MATCH = YES;
				"CODE_SIGN_IDENTITY[sdk=iphoneos*]" = "iPhone Developer";
				COPY_PHASE_STRIP = NO;
				GCC_C_LANGUAGE_STANDARD = gnu99;
				GCC_DYNAMIC_NO_PIC = NO;
				GCC_OPTIMIZATION_LEVEL = 0;
				GCC_PREPROCESSOR_DEFINITIONS = (
					"DEBUG=1",
					"$(inherited)",
				);
				GCC_SYMBOLS_PRIVATE_EXTERN = NO;
				GCC_WARN_ABOUT_RETURN_TYPE = YES;
				GCC_WARN_UNINITIALIZED_AUTOS = YES;
				GCC_WARN_UNUSED_VARIABLE = YES;
				IPHONEOS_DEPLOYMENT_TARGET = 5.1;
				ONLY_ACTIVE_ARCH = YES;
				SDKROOT = iphoneos;
				TARGETED_DEVICE_FAMILY = 2;
			};
			name = Debug;
		};
		E838BCD11674DD620056E170 /* Release */ = {
			isa = XCBuildConfiguration;
			buildSettings = {
				ALWAYS_SEARCH_USER_PATHS = NO;
				CLANG_CXX_LANGUAGE_STANDARD = "gnu++0x";
				CLANG_CXX_LIBRARY = "libc++";
				CLANG_ENABLE_OBJC_ARC = YES;
				CLANG_WARN_EMPTY_BODY = YES;
				CLANG_WARN__DUPLICATE_METHOD_MATCH = YES;
				"CODE_SIGN_IDENTITY[sdk=iphoneos*]" = "iPhone Developer";
				COPY_PHASE_STRIP = YES;
				GCC_C_LANGUAGE_STANDARD = gnu99;
				GCC_WARN_ABOUT_RETURN_TYPE = YES;
				GCC_WARN_UNINITIALIZED_AUTOS = YES;
				GCC_WARN_UNUSED_VARIABLE = YES;
				IPHONEOS_DEPLOYMENT_TARGET = 5.1;
				OTHER_CFLAGS = "-DNS_BLOCK_ASSERTIONS=1";
				SDKROOT = iphoneos;
				TARGETED_DEVICE_FAMILY = 2;
				VALIDATE_PRODUCT = YES;
			};
			name = Release;
		};
		E838BCD31674DD620056E170 /* Debug */ = {
			isa = XCBuildConfiguration;
			buildSettings = {
				GCC_PRECOMPILE_PREFIX_HEADER = YES;
				GCC_PREFIX_HEADER = "LogBook/LogBook-Prefix.pch";
				INFOPLIST_FILE = "LogBook/LogBook-Info.plist";
				PRODUCT_NAME = "$(TARGET_NAME)";
				WRAPPER_EXTENSION = app;
			};
			name = Debug;
		};
		E838BCD41674DD620056E170 /* Release */ = {
			isa = XCBuildConfiguration;
			buildSettings = {
				GCC_PRECOMPILE_PREFIX_HEADER = YES;
				GCC_PREFIX_HEADER = "LogBook/LogBook-Prefix.pch";
				INFOPLIST_FILE = "LogBook/LogBook-Info.plist";
				PRODUCT_NAME = "$(TARGET_NAME)";
				WRAPPER_EXTENSION = app;
			};
			name = Release;
		};
/* End XCBuildConfiguration section */

/* Begin XCConfigurationList section */
		E838BC9D1674DD620056E170 /* Build configuration list for PBXProject "LogBook" */ = {
			isa = XCConfigurationList;
			buildConfigurations = (
				E838BCD01674DD620056E170 /* Debug */,
				E838BCD11674DD620056E170 /* Release */,
			);
			defaultConfigurationIsVisible = 0;
			defaultConfigurationName = Release;
		};
		E838BCD21674DD620056E170 /* Build configuration list for PBXNativeTarget "LogBook" */ = {
			isa = XCConfigurationList;
			buildConfigurations = (
				E838BCD31674DD620056E170 /* Debug */,
				E838BCD41674DD620056E170 /* Release */,
			);
			defaultConfigurationIsVisible = 0;
			defaultConfigurationName = Release;
		};
/* End XCConfigurationList section */

/* Begin XCVersionGroup section */
		E838BCC11674DD620056E170 /* LogBook.xcdatamodeld */ = {
			isa = XCVersionGroup;
			children = (
				E838BCC21674DD620056E170 /* LogBook.xcdatamodel */,
			);
			currentVersion = E838BCC21674DD620056E170 /* LogBook.xcdatamodel */;
			path = LogBook.xcdatamodeld;
			sourceTree = "<group>";
			versionGroupType = wrapper.xcdatamodel;
		};
/* End XCVersionGroup section */
	};
	rootObject = E838BC9A1674DD620056E170 /* Project object */;
}
